# This file is automatically @generated by Poetry 2.0.1 and should not be changed by hand.

[[package]]
name = "protobuf"
version = "6.30.2"
description = ""
optional = false
python-versions = ">=3.9"
groups = ["main"]
files = [
    {file = "protobuf-6.30.2-cp310-abi3-win32.whl", hash = "sha256:b12ef7df7b9329886e66404bef5e9ce6a26b54069d7f7436a0853ccdeb91c103"},
    {file = "protobuf-6.30.2-cp310-abi3-win_amd64.whl", hash = "sha256:7653c99774f73fe6b9301b87da52af0e69783a2e371e8b599b3e9cb4da4b12b9"},
    {file = "protobuf-6.30.2-cp39-abi3-macosx_10_9_universal2.whl", hash = "sha256:0eb523c550a66a09a0c20f86dd554afbf4d32b02af34ae53d93268c1f73bc65b"},
    {file = "protobuf-6.30.2-cp39-abi3-manylinux2014_aarch64.whl", hash = "sha256:50f32cc9fd9cb09c783ebc275611b4f19dfdfb68d1ee55d2f0c7fa040df96815"},
    {file = "protobuf-6.30.2-cp39-abi3-manylinux2014_x86_64.whl", hash = "sha256:4f6c687ae8efae6cf6093389a596548214467778146b7245e886f35e1485315d"},
    {file = "protobuf-6.30.2-cp39-cp39-win32.whl", hash = "sha256:524afedc03b31b15586ca7f64d877a98b184f007180ce25183d1a5cb230ee72b"},
    {file = "protobuf-6.30.2-cp39-cp39-win_amd64.whl", hash = "sha256:acec579c39c88bd8fbbacab1b8052c793efe83a0a5bd99db4a31423a25c0a0e2"},
    {file = "protobuf-6.30.2-py3-none-any.whl", hash = "sha256:ae86b030e69a98e08c77beab574cbcb9fff6d031d57209f574a5aea1445f4b51"},
    {file = "protobuf-6.30.2.tar.gz", hash = "sha256:35c859ae076d8c56054c25b59e5e59638d86545ed6e2b6efac6be0b6ea3ba048"},
]

[[package]]
name = "temporalio"
version = "1.11.0"
description = "Temporal.io Python SDK"
optional = false
python-versions = "~=3.9"
groups = ["main"]
files = [
    {file = "temporalio-1.11.0-cp39-abi3-macosx_10_12_x86_64.whl", hash = "sha256:f9aed3d9c7088d9576f435a83723c61f9ccf3adf749ea3dc42ad16558542d355"},
    {file = "temporalio-1.11.0-cp39-abi3-macosx_11_0_arm64.whl", hash = "sha256:d21a28c6e39de1e8408b6637957bdc76e590a1364d2419e57208608eba067074"},
    {file = "temporalio-1.11.0-cp39-abi3-manylinux_2_17_aarch64.manylinux2014_aarch64.whl", hash = "sha256:8e4f85caf6cde04a2d5bbb586d761302bdd5e2531a0e554cdff73a1194a6c495"},
    {file = "temporalio-1.11.0-cp39-abi3-manylinux_2_17_x86_64.manylinux2014_x86_64.whl", hash = "sha256:4ae69089b371a8f05f8c1a4519d3d0c6cdda39ca4cdbe2cb322607514ca0122c"},
    {file = "temporalio-1.11.0-cp39-abi3-win_amd64.whl", hash = "sha256:97ce571d08ba23b0bd088c71eca723ae155721ea5bfa9a733a9a3ad2cf52c14c"},
    {file = "temporalio-1.11.0.tar.gz", hash = "sha256:13dd4f7c877db7c3db32932aa669e533e4f9da1c04800de9298a6cb874056ae4"},
]

[package.dependencies]
protobuf = ">=3.20"
types-protobuf = ">=3.20"
typing-extensions = ">=4.2.0,<5"

[package.extras]
grpc = ["grpcio (>=1.48.2,<2)"]
opentelemetry = ["opentelemetry-api (>=1.11.1,<2)", "opentelemetry-sdk (>=1.11.1,<2)"]
pydantic = ["pydantic (>=2.0.0,<3)"]

[[package]]
name = "types-protobuf"
version = "5.29.1.20250403"
description = "Typing stubs for protobuf"
optional = false
python-versions = ">=3.9"
groups = ["main"]
files = [
    {file = "types_protobuf-5.29.1.20250403-py3-none-any.whl", hash = "sha256:c71de04106a2d54e5b2173d0a422058fae0ef2d058d70cf369fb797bf61ffa59"},
    {file = "types_protobuf-5.29.1.20250403.tar.gz", hash = "sha256:7ff44f15022119c9d7558ce16e78b2d485bf7040b4fadced4dd069bb5faf77a2"},
]

[[package]]
name = "typing-extensions"
version = "4.13.2"
description = "Backported and Experimental Type Hints for Python 3.8+"
optional = false
python-versions = ">=3.8"
groups = ["main"]
files = [
    {file = "typing_extensions-4.13.2-py3-none-any.whl", hash = "sha256:a439e7c04b49fec3e5d3e2beaa21755cadbbdc391694e28ccdd36ca4a1408f8c"},
    {file = "typing_extensions-4.13.2.tar.gz", hash = "sha256:e6c81219bd689f51865d9e372991c540bda33a0379d5573cddb9a3a23f7caaef"},
]

[metadata]
lock-version = "2.1"
python-versions = "~3.11.7"
content-hash = "1ef24da7b259dff251cbc2a86b2d0428ab237a0edeb83764ef658cc44c5e943b"
